
Microsoft Visual Studio Solution File, Format Version 12.00
# Visual Studio Version 17
VisualStudioVersion = 17.6.33815.320
MinimumVisualStudioVersion = 10.0.40219.1
Project("{FAE04EC0-301F-11D3-BF4B-00C04F79EFBC}") = "RegisterLoginDemo", "RegisterLoginDemo\RegisterLoginDemo.csproj", "{870EC274-FBE8-4B4C-AF3A-8A9F002394FF}"
EndProject
Global
	GlobalSection(SolutionConfigurationPlatforms) = preSolution
		Debug|Any CPU = Debug|Any CPU
		Release|Any CPU = Release|Any CPU
	EndGlobalSection
	GlobalSection(ProjectConfigurationPlatforms) = postSolution
		{870EC274-FBE8-4B4C-AF3A-8A9F002394FF}.Debug|Any CPU.ActiveCfg = Debug|Any CPU
		{870EC274-FBE8-4B4C-AF3A-8A9F002394FF}.Debug|Any CPU.Build.0 = Debug|Any CPU
		{870EC274-FBE8-4B4C-AF3A-8A9F002394FF}.Release|Any CPU.ActiveCfg = Release|Any CPU
		{870EC274-FBE8-4B4C-AF3A-8A9F002394FF}.Release|Any CPU.Build.0 = Release|Any CPU
	EndGlobalSection
	GlobalSection(SolutionProperties) = preSolution
		HideSolutionNode = FALSE
	EndGlobalSection
	GlobalSection(ExtensibilityGlobals) = postSolution
		SolutionGuid = {0D97A2C5-E434-4105-9443-E81DE75BA12F}
	EndGlobalSection
EndGlobal
